{
  "originHash" : "a119f74ad85e90fa5cbad20dee6058a5b4e3ee74fc771189405aa2b0384a8f93",
  "pins" : [
    {
      "identity" : "fluidaudio",
      "kind" : "remoteSourceControl",
      "location" : "https://github.com/FluidInference/FluidAudio.git",
      "state" : {
        "branch" : "main",
        "revision" : "20d4f0bd46d11d7f50a6eb4f7835cfdbd2b4ba14"
      }
    }
  ],
  "version" : 3
}
